
Microsoft Visual Studio Solution File, Format Version 12.00
# Visual Studio 14
VisualStudioVersion = 14.0.25420.1
MinimumVisualStudioVersion = 10.0.40219.1
Project("{D954291E-2A0B-460D-934E-DC6B0785DB48}") = "FocoComunicacion", "FocoComunicacion\FocoComunicacion.shproj", "{2B6AC6E2-3A70-42F6-85C9-59FCAEF83F3E}"
EndProject
Global
	GlobalSection(SharedMSBuildProjectFiles) = preSolution
		FocoComunicacion\FocoComunicacion.projitems*{2b6ac6e2-3a70-42f6-85c9-59fcaef83f3e}*SharedItemsImports = 13
	EndGlobalSection
	GlobalSection(SolutionProperties) = preSolution
		HideSolutionNode = FALSE
	EndGlobalSection
EndGlobal
